
Microsoft Visual Studio Solution File, Format Version 12.00
# Visual Studio 15
VisualStudioVersion = 15.0.28307.1022
MinimumVisualStudioVersion = 10.0.40219.1
Project("{FAE04EC0-301F-11D3-BF4B-00C04F79EFBC}") = "LoongEgg.LoongCore", "LoongEgg.LoongCore\LoongEgg.LoongCore.csproj", "{2ECC96D5-5D84-40BF-B5E2-61932ABC62F8}"
EndProject
Project("{FAE04EC0-301F-11D3-BF4B-00C04F79EFBC}") = "LoongEgg.LoongCore.Test", "LoongEgg.LoongCore.Test\LoongEgg.LoongCore.Test.csproj", "{661A206A-1FCE-4BFC-B997-3C3B0D5403B1}"
EndProject
Project("{FAE04EC0-301F-11D3-BF4B-00C04F79EFBC}") = "LoongEgg.Views", "LoongEgg.Views\LoongEgg.Views.csproj", "{40468CDC-CB44-49B9-A80D-3E32CA0AFB9F}"
EndProject
Project("{FAE04EC0-301F-11D3-BF4B-00C04F79EFBC}") = "LoongEgg.ViewModels", "LoongEgg.ViewModels\LoongEgg.ViewModels.csproj", "{9EB92FCB-F960-42F1-810F-F483B19FE3AF}"
EndProject
Project("{FAE04EC0-301F-11D3-BF4B-00C04F79EFBC}") = "AppConsole", "AppConsole\AppConsole.csproj", "{16FDF0C9-14B3-4F03-B3AC-F2B07CA1620F}"
EndProject
Project("{FAE04EC0-301F-11D3-BF4B-00C04F79EFBC}") = "LoongEgg.ViewModels.Test", "LoongEgg.ViewModels.Test\LoongEgg.ViewModels.Test.csproj", "{C45B5FCF-702E-4FA3-9504-B79B3141877B}"
EndProject
Project("{FAE04EC0-301F-11D3-BF4B-00C04F79EFBC}") = "NoMVVM", "NoMVVM\NoMVVM.csproj", "{526EBF2F-3BDC-4C8E-82A0-54CD5108E684}"
EndProject
Global
	GlobalSection(SolutionConfigurationPlatforms) = preSolution
		Debug|Any CPU = Debug|Any CPU
		Release|Any CPU = Release|Any CPU
	EndGlobalSection
	GlobalSection(ProjectConfigurationPlatforms) = postSolution
		{2ECC96D5-5D84-40BF-B5E2-61932ABC62F8}.Debug|Any CPU.ActiveCfg = Debug|Any CPU
		{2ECC96D5-5D84-40BF-B5E2-61932ABC62F8}.Debug|Any CPU.Build.0 = Debug|Any CPU
		{2ECC96D5-5D84-40BF-B5E2-61932ABC62F8}.Release|Any CPU.ActiveCfg = Release|Any CPU
		{2ECC96D5-5D84-40BF-B5E2-61932ABC62F8}.Release|Any CPU.Build.0 = Release|Any CPU
		{661A206A-1FCE-4BFC-B997-3C3B0D5403B1}.Debug|Any CPU.ActiveCfg = Debug|Any CPU
		{661A206A-1FCE-4BFC-B997-3C3B0D5403B1}.Debug|Any CPU.Build.0 = Debug|Any CPU
		{661A206A-1FCE-4BFC-B997-3C3B0D5403B1}.Release|Any CPU.ActiveCfg = Release|Any CPU
		{661A206A-1FCE-4BFC-B997-3C3B0D5403B1}.Release|Any CPU.Build.0 = Release|Any CPU
		{40468CDC-CB44-49B9-A80D-3E32CA0AFB9F}.Debug|Any CPU.ActiveCfg = Debug|Any CPU
		{40468CDC-CB44-49B9-A80D-3E32CA0AFB9F}.Debug|Any CPU.Build.0 = Debug|Any CPU
		{40468CDC-CB44-49B9-A80D-3E32CA0AFB9F}.Release|Any CPU.ActiveCfg = Release|Any CPU
		{40468CDC-CB44-49B9-A80D-3E32CA0AFB9F}.Release|Any CPU.Build.0 = Release|Any CPU
		{9EB92FCB-F960-42F1-810F-F483B19FE3AF}.Debug|Any CPU.ActiveCfg = Debug|Any CPU
		{9EB92FCB-F960-42F1-810F-F483B19FE3AF}.Debug|Any CPU.Build.0 = Debug|Any CPU
		{9EB92FCB-F960-42F1-810F-F483B19FE3AF}.Release|Any CPU.ActiveCfg = Release|Any CPU
		{9EB92FCB-F960-42F1-810F-F483B19FE3AF}.Release|Any CPU.Build.0 = Release|Any CPU
		{16FDF0C9-14B3-4F03-B3AC-F2B07CA1620F}.Debug|Any CPU.ActiveCfg = Debug|Any CPU
		{16FDF0C9-14B3-4F03-B3AC-F2B07CA1620F}.Debug|Any CPU.Build.0 = Debug|Any CPU
		{16FDF0C9-14B3-4F03-B3AC-F2B07CA1620F}.Release|Any CPU.ActiveCfg = Release|Any CPU
		{16FDF0C9-14B3-4F03-B3AC-F2B07CA1620F}.Release|Any CPU.Build.0 = Release|Any CPU
		{C45B5FCF-702E-4FA3-9504-B79B3141877B}.Debug|Any CPU.ActiveCfg = Debug|Any CPU
		{C45B5FCF-702E-4FA3-9504-B79B3141877B}.Debug|Any CPU.Build.0 = Debug|Any CPU
		{C45B5FCF-702E-4FA3-9504-B79B3141877B}.Release|Any CPU.ActiveCfg = Release|Any CPU
		{C45B5FCF-702E-4FA3-9504-B79B3141877B}.Release|Any CPU.Build.0 = Release|Any CPU
		{526EBF2F-3BDC-4C8E-82A0-54CD5108E684}.Debug|Any CPU.ActiveCfg = Debug|Any CPU
		{526EBF2F-3BDC-4C8E-82A0-54CD5108E684}.Debug|Any CPU.Build.0 = Debug|Any CPU
		{526EBF2F-3BDC-4C8E-82A0-54CD5108E684}.Release|Any CPU.ActiveCfg = Release|Any CPU
		{526EBF2F-3BDC-4C8E-82A0-54CD5108E684}.Release|Any CPU.Build.0 = Release|Any CPU
	EndGlobalSection
	GlobalSection(SolutionProperties) = preSolution
		HideSolutionNode = FALSE
	EndGlobalSection
	GlobalSection(ExtensibilityGlobals) = postSolution
		SolutionGuid = {1E7D86F6-0C27-4B4B-9896-A57B61A5D5A0}
	EndGlobalSection
EndGlobal
